
Microsoft Visual Studio Solution File, Format Version 12.00
# Visual Studio Version 17
VisualStudioVersion = 17.5.002.0
MinimumVisualStudioVersion = 10.0.40219.1
Project("{2150E333-8FDC-42A3-9474-1A3956D46DE8}") = "implement", "implement", "{BF502313-E0D4-4E1C-ACDF-4216C69F91D5}"
EndProject
Project("{9A19103F-16F7-4668-BE54-9A1E7A4F7556}") = "entry", "implement\entry\entry.csproj", "{2CFA1AB8-425A-4851-ADC5-13A9C646FF0C}"
EndProject
Project("{9A19103F-16F7-4668-BE54-9A1E7A4F7556}") = "native-tools", "implement\native-tools\native-tools.csproj", "{437A57FF-BE06-46FB-BC96-EB7E8EB90FAB}"
EndProject
Project("{9A19103F-16F7-4668-BE54-9A1E7A4F7556}") = "pine", "implement\pine\pine.csproj", "{8A0394FA-C514-4803-BCC9-298926200A05}"
EndProject
Project("{9A19103F-16F7-4668-BE54-9A1E7A4F7556}") = "Pine.Core", "implement\Pine.Core\Pine.Core.csproj", "{41E300FB-55D8-42D7-AF12-7557D4B1D03F}"
EndProject
Project("{9A19103F-16F7-4668-BE54-9A1E7A4F7556}") = "test-elm-time", "implement\test-elm-time\test-elm-time.csproj", "{3A6FCBA0-CDA7-4BD8-865C-AE3BE29188A0}"
EndProject
Project("{2150E333-8FDC-42A3-9474-1A3956D46DE8}") = "explore", "explore", "{AFD6F02B-20B9-444E-8E64-5158FADD1D15}"
EndProject
Project("{2150E333-8FDC-42A3-9474-1A3956D46DE8}") = "2020-02-02.memory-leak", "2020-02-02.memory-leak", "{1E6B29CA-2BC0-4D78-A6DB-F59790893C70}"
EndProject
Project("{9A19103F-16F7-4668-BE54-9A1E7A4F7556}") = "demo-memory-leak", "explore\2020-02-02.memory-leak\demo-memory-leak\demo-memory-leak.csproj", "{18BE4A7B-DE4B-4CEF-8DA6-72C7C913B16C}"
EndProject
Project("{2150E333-8FDC-42A3-9474-1A3956D46DE8}") = "PineTest", "PineTest", "{8175D77D-1B61-42AF-BD6E-BBD4BDBF967E}"
EndProject
Project("{9A19103F-16F7-4668-BE54-9A1E7A4F7556}") = "Pine.UnitTests", "implement\PineTest\Pine.UnitTests\Pine.UnitTests.csproj", "{E7BC41F8-7737-4341-9754-8D097E8A4AAB}"
EndProject
Project("{9A19103F-16F7-4668-BE54-9A1E7A4F7556}") = "prebuild", "implement\prebuild\prebuild.csproj", "{58C09447-6C97-47F5-850F-6583C0A3960B}"
EndProject
Global
	GlobalSection(SolutionConfigurationPlatforms) = preSolution
		Debug|Any CPU = Debug|Any CPU
		Release|Any CPU = Release|Any CPU
	EndGlobalSection
	GlobalSection(ProjectConfigurationPlatforms) = postSolution
		{2CFA1AB8-425A-4851-ADC5-13A9C646FF0C}.Debug|Any CPU.ActiveCfg = Debug|Any CPU
		{2CFA1AB8-425A-4851-ADC5-13A9C646FF0C}.Debug|Any CPU.Build.0 = Debug|Any CPU
		{2CFA1AB8-425A-4851-ADC5-13A9C646FF0C}.Release|Any CPU.ActiveCfg = Release|Any CPU
		{2CFA1AB8-425A-4851-ADC5-13A9C646FF0C}.Release|Any CPU.Build.0 = Release|Any CPU
		{437A57FF-BE06-46FB-BC96-EB7E8EB90FAB}.Debug|Any CPU.ActiveCfg = Debug|Any CPU
		{437A57FF-BE06-46FB-BC96-EB7E8EB90FAB}.Debug|Any CPU.Build.0 = Debug|Any CPU
		{437A57FF-BE06-46FB-BC96-EB7E8EB90FAB}.Release|Any CPU.ActiveCfg = Release|Any CPU
		{437A57FF-BE06-46FB-BC96-EB7E8EB90FAB}.Release|Any CPU.Build.0 = Release|Any CPU
		{8A0394FA-C514-4803-BCC9-298926200A05}.Debug|Any CPU.ActiveCfg = Debug|Any CPU
		{8A0394FA-C514-4803-BCC9-298926200A05}.Debug|Any CPU.Build.0 = Debug|Any CPU
		{8A0394FA-C514-4803-BCC9-298926200A05}.Release|Any CPU.ActiveCfg = Release|Any CPU
		{8A0394FA-C514-4803-BCC9-298926200A05}.Release|Any CPU.Build.0 = Release|Any CPU
		{41E300FB-55D8-42D7-AF12-7557D4B1D03F}.Debug|Any CPU.ActiveCfg = Debug|Any CPU
		{41E300FB-55D8-42D7-AF12-7557D4B1D03F}.Debug|Any CPU.Build.0 = Debug|Any CPU
		{41E300FB-55D8-42D7-AF12-7557D4B1D03F}.Release|Any CPU.ActiveCfg = Release|Any CPU
		{41E300FB-55D8-42D7-AF12-7557D4B1D03F}.Release|Any CPU.Build.0 = Release|Any CPU
		{3A6FCBA0-CDA7-4BD8-865C-AE3BE29188A0}.Debug|Any CPU.ActiveCfg = Debug|Any CPU
		{3A6FCBA0-CDA7-4BD8-865C-AE3BE29188A0}.Debug|Any CPU.Build.0 = Debug|Any CPU
		{3A6FCBA0-CDA7-4BD8-865C-AE3BE29188A0}.Release|Any CPU.ActiveCfg = Release|Any CPU
		{3A6FCBA0-CDA7-4BD8-865C-AE3BE29188A0}.Release|Any CPU.Build.0 = Release|Any CPU
		{18BE4A7B-DE4B-4CEF-8DA6-72C7C913B16C}.Debug|Any CPU.ActiveCfg = Debug|Any CPU
		{18BE4A7B-DE4B-4CEF-8DA6-72C7C913B16C}.Debug|Any CPU.Build.0 = Debug|Any CPU
		{18BE4A7B-DE4B-4CEF-8DA6-72C7C913B16C}.Release|Any CPU.ActiveCfg = Release|Any CPU
		{18BE4A7B-DE4B-4CEF-8DA6-72C7C913B16C}.Release|Any CPU.Build.0 = Release|Any CPU
		{E7BC41F8-7737-4341-9754-8D097E8A4AAB}.Debug|Any CPU.ActiveCfg = Debug|Any CPU
		{E7BC41F8-7737-4341-9754-8D097E8A4AAB}.Debug|Any CPU.Build.0 = Debug|Any CPU
		{E7BC41F8-7737-4341-9754-8D097E8A4AAB}.Release|Any CPU.ActiveCfg = Release|Any CPU
		{E7BC41F8-7737-4341-9754-8D097E8A4AAB}.Release|Any CPU.Build.0 = Release|Any CPU
		{58C09447-6C97-47F5-850F-6583C0A3960B}.Debug|Any CPU.ActiveCfg = Debug|Any CPU
		{58C09447-6C97-47F5-850F-6583C0A3960B}.Debug|Any CPU.Build.0 = Debug|Any CPU
		{58C09447-6C97-47F5-850F-6583C0A3960B}.Release|Any CPU.ActiveCfg = Release|Any CPU
		{58C09447-6C97-47F5-850F-6583C0A3960B}.Release|Any CPU.Build.0 = Release|Any CPU
	EndGlobalSection
	GlobalSection(SolutionProperties) = preSolution
		HideSolutionNode = FALSE
	EndGlobalSection
	GlobalSection(NestedProjects) = preSolution
		{2CFA1AB8-425A-4851-ADC5-13A9C646FF0C} = {BF502313-E0D4-4E1C-ACDF-4216C69F91D5}
		{437A57FF-BE06-46FB-BC96-EB7E8EB90FAB} = {BF502313-E0D4-4E1C-ACDF-4216C69F91D5}
		{8A0394FA-C514-4803-BCC9-298926200A05} = {BF502313-E0D4-4E1C-ACDF-4216C69F91D5}
		{41E300FB-55D8-42D7-AF12-7557D4B1D03F} = {BF502313-E0D4-4E1C-ACDF-4216C69F91D5}
		{3A6FCBA0-CDA7-4BD8-865C-AE3BE29188A0} = {BF502313-E0D4-4E1C-ACDF-4216C69F91D5}
		{1E6B29CA-2BC0-4D78-A6DB-F59790893C70} = {AFD6F02B-20B9-444E-8E64-5158FADD1D15}
		{18BE4A7B-DE4B-4CEF-8DA6-72C7C913B16C} = {1E6B29CA-2BC0-4D78-A6DB-F59790893C70}
		{8175D77D-1B61-42AF-BD6E-BBD4BDBF967E} = {BF502313-E0D4-4E1C-ACDF-4216C69F91D5}
		{E7BC41F8-7737-4341-9754-8D097E8A4AAB} = {8175D77D-1B61-42AF-BD6E-BBD4BDBF967E}
		{58C09447-6C97-47F5-850F-6583C0A3960B} = {BF502313-E0D4-4E1C-ACDF-4216C69F91D5}
	EndGlobalSection
	GlobalSection(ExtensibilityGlobals) = postSolution
		SolutionGuid = {D8E0A681-EE1B-46F3-83A9-85CE951DCF58}
	EndGlobalSection
EndGlobal
